// !$*UTF8*$!
{
	archiveVersion = 1;
	classes = {
	};
	objectVersion = 55;
	objects = {

/* Begin PBXBuildFile section */
		02CD279F26E5DE190085D5A7 /* Post.swift in Sources */ = {isa = PBXBuildFile; fileRef = 02CD279E26E5DE190085D5A7 /* Post.swift */; };
		02CD27A126E5DE6A0085D5A7 /* Home.swift in Sources */ = {isa = PBXBuildFile; fileRef = 02CD27A026E5DE6A0085D5A7 /* Home.swift */; };
		02CD27A326E5FB480085D5A7 /* YFHeartLike.swift in Sources */ = {isa = PBXBuildFile; fileRef = 02CD27A226E5FB480085D5A7 /* YFHeartLike.swift */; };
		02D37F3526E5D6E2006E6468 /* LikedAnimation0906App.swift in Sources */ = {isa = PBXBuildFile; fileRef = 02D37F3426E5D6E2006E6468 /* LikedAnimation0906App.swift */; };
		02D37F3726E5D6E2006E6468 /* ContentView.swift in Sources */ = {isa = PBXBuildFile; fileRef = 02D37F3626E5D6E2006E6468 /* ContentView.swift */; };
		02D37F3926E5D6E3006E6468 /* Assets.xcassets in Resources */ = {isa = PBXBuildFile; fileRef = 02D37F3826E5D6E3006E6468 /* Assets.xcassets */; };
		02D37F3C26E5D6E3006E6468 /* Preview Assets.xcassets in Resources */ = {isa = PBXBuildFile; fileRef = 02D37F3B26E5D6E3006E6468 /* Preview Assets.xcassets */; };
/* End PBXBuildFile section */

/* Begin PBXFileReference section */
		02CD279E26E5DE190085D5A7 /* Post.swift */ = {isa = PBXFileReference; lastKnownFileType = sourcecode.swift; path = Post.swift; sourceTree = "<group>"; };
		02CD27A026E5DE6A0085D5A7 /* Home.swift */ = {isa = PBXFileReference; lastKnownFileType = sourcecode.swift; path = Home.swift; sourceTree = "<group>"; };
		02CD27A226E5FB480085D5A7 /* YFHeartLike.swift */ = {isa = PBXFileReference; lastKnownFileType = sourcecode.swift; path = YFHeartLike.swift; sourceTree = "<group>"; };
		02D37F3126E5D6E2006E6468 /* LikedAnimation0906.app */ = {isa = PBXFileReference; explicitFileType = wrapper.application; includeInIndex = 0; path = LikedAnimation0906.app; sourceTree = BUILT_PRODUCTS_DIR; };
		02D37F3426E5D6E2006E6468 /* LikedAnimation0906App.swift */ = {isa = PBXFileReference; lastKnownFileType = sourcecode.swift; path = LikedAnimation0906App.swift; sourceTree = "<group>"; };
		02D37F3626E5D6E2006E6468 /* ContentView.swift */ = {isa = PBXFileReference; lastKnownFileType = sourcecode.swift; path = ContentView.swift; sourceTree = "<group>"; };
		02D37F3826E5D6E3006E6468 /* Assets.xcassets */ = {isa = PBXFileReference; lastKnownFileType = folder.assetcatalog; path = Assets.xcassets; sourceTree = "<group>"; };
		02D37F3B26E5D6E3006E6468 /* Preview Assets.xcassets */ = {isa = PBXFileReference; lastKnownFileType = folder.assetcatalog; path = "Preview Assets.xcassets"; sourceTree = "<group>"; };
/* End PBXFileReference section */

/* Begin PBXFrameworksBuildPhase section */
		02D37F2E26E5D6E2006E6468 /* Frameworks */ = {
			isa = PBXFrameworksBuildPhase;
			buildActionMask = 2147483647;
			files = (
			);
			runOnlyForDeploymentPostprocessing = 0;
		};
/* End PBXFrameworksBuildPhase section */

/* Begin PBXGroup section */
		02CD279C26E5DDC50085D5A7 /* View */ = {
			isa = PBXGroup;
			children = (
				02CD27A026E5DE6A0085D5A7 /* Home.swift */,
				02CD27A226E5FB480085D5A7 /* YFHeartLike.swift */,
			);
			path = View;
			sourceTree = "<group>";
		};
		02CD279D26E5DDD20085D5A7 /* Model */ = {
			isa = PBXGroup;
			children = (
				02CD279E26E5DE190085D5A7 /* Post.swift */,
			);
			path = Model;
			sourceTree = "<group>";
		};
		02D37F2826E5D6E2006E6468 = {
			isa = PBXGroup;
			children = (
				02D37F3326E5D6E2006E6468 /* LikedAnimation0906 */,
				02D37F3226E5D6E2006E6468 /* Products */,
			);
			sourceTree = "<group>";
		};
		02D37F3226E5D6E2006E6468 /* Products */ = {
			isa = PBXGroup;
			children = (
				02D37F3126E5D6E2006E6468 /* LikedAnimation0906.app */,
			);
			name = Products;
			sourceTree = "<group>";
		};
		02D37F3326E5D6E2006E6468 /* LikedAnimation0906 */ = {
			isa = PBXGroup;
			children = (
				02CD279D26E5DDD20085D5A7 /* Model */,
				02CD279C26E5DDC50085D5A7 /* View */,
				02D37F3426E5D6E2006E6468 /* LikedAnimation0906App.swift */,
				02D37F3626E5D6E2006E6468 /* ContentView.swift */,
				02D37F3826E5D6E3006E6468 /* Assets.xcassets */,
				02D37F3A26E5D6E3006E6468 /* Preview Content */,
			);
			path = LikedAnimation0906;
			sourceTree = "<group>";
		};
		02D37F3A26E5D6E3006E6468 /* Preview Content */ = {
			isa = PBXGroup;
			children = (
				02D37F3B26E5D6E3006E6468 /* Preview Assets.xcassets */,
			);
			path = "Preview Content";
			sourceTree = "<group>";
		};
/* End PBXGroup section */

/* Begin PBXNativeTarget section */
		02D37F3026E5D6E2006E6468 /* LikedAnimation0906 */ = {
			isa = PBXNativeTarget;
			buildConfigurationList = 02D37F3F26E5D6E3006E6468 /* Build configuration list for PBXNativeTarget "LikedAnimation0906" */;
			buildPhases = (
				02D37F2D26E5D6E2006E6468 /* Sources */,
				02D37F2E26E5D6E2006E6468 /* Frameworks */,
				02D37F2F26E5D6E2006E6468 /* Resources */,
			);
			buildRules = (
			);
			dependencies = (
			);
			name = LikedAnimation0906;
			productName = LikedAnimation0906;
			productReference = 02D37F3126E5D6E2006E6468 /* LikedAnimation0906.app */;
			productType = "com.apple.product-type.application";
		};
/* End PBXNativeTarget section */

/* Begin PBXProject section */
		02D37F2926E5D6E2006E6468 /* Project object */ = {
			isa = PBXProject;
			attributes = {
				BuildIndependentTargetsInParallel = 1;
				LastSwiftUpdateCheck = 1300;
				LastUpgradeCheck = 1300;
				TargetAttributes = {
					02D37F3026E5D6E2006E6468 = {
						CreatedOnToolsVersion = 13.0;
					};
				};
			};
			buildConfigurationList = 02D37F2C26E5D6E2006E6468 /* Build configuration list for PBXProject "LikedAnimation0906" */;
			compatibilityVersion = "Xcode 13.0";
			developmentRegion = en;
			hasScannedForEncodings = 0;
			knownRegions = (
				en,
				Base,
			);
			mainGroup = 02D37F2826E5D6E2006E6468;
			productRefGroup = 02D37F3226E5D6E2006E6468 /* Products */;
			projectDirPath = "";
			projectRoot = "";
			targets = (
				02D37F3026E5D6E2006E6468 /* LikedAnimation0906 */,
			);
		};
/* End PBXProject section */

/* Begin PBXResourcesBuildPhase section */
		02D37F2F26E5D6E2006E6468 /* Resources */ = {
			isa = PBXResourcesBuildPhase;
			buildActionMask = 2147483647;
			files = (
				02D37F3C26E5D6E3006E6468 /* Preview Assets.xcassets in Resources */,
				02D37F3926E5D6E3006E6468 /* Assets.xcassets in Resources */,
			);
			runOnlyForDeploymentPostprocessing = 0;
		};
/* End PBXResourcesBuildPhase section */

/* Begin PBXSourcesBuildPhase section */
		02D37F2D26E5D6E2006E6468 /* Sources */ = {
			isa = PBXSourcesBuildPhase;
			buildActionMask = 2147483647;
			files = (
				02CD27A326E5FB480085D5A7 /* YFHeartLike.swift in Sources */,
				02CD279F26E5DE190085D5A7 /* Post.swift in Sources */,
				02D37F3726E5D6E2006E6468 /* ContentView.swift in Sources */,
				02CD27A126E5DE6A0085D5A7 /* Home.swift in Sources */,
				02D37F3526E5D6E2006E6468 /* LikedAnimation0906App.swift in Sources */,
			);
			runOnlyForDeploymentPostprocessing = 0;
		};
/* End PBXSourcesBuildPhase section */

/* Begin XCBuildConfiguration section */
		02D37F3D26E5D6E3006E6468 /* Debug */ = {
			isa = XCBuildConfiguration;
			buildSettings = {
				ALWAYS_SEARCH_USER_PATHS = NO;
				CLANG_ANALYZER_NONNULL = YES;
				CLANG_ANALYZER_NUMBER_OBJECT_CONVERSION = YES_AGGRESSIVE;
				CLANG_CXX_LANGUAGE_STANDARD = "gnu++14";
				CLANG_CXX_LIBRARY = "libc++";
				CLANG_ENABLE_MODULES = YES;
				CLANG_ENABLE_OBJC_ARC = YES;
				CLANG_ENABLE_OBJC_WEAK = YES;
				CLANG_WARN_BLOCK_CAPTURE_AUTORELEASING = YES;
				CLANG_WARN_BOOL_CONVERSION = YES;
				CLANG_WARN_COMMA = YES;
				CLANG_WARN_CONSTANT_CONVERSION = YES;
				CLANG_WARN_DEPRECATED_OBJC_IMPLEMENTATIONS = YES;
				CLANG_WARN_DIRECT_OBJC_ISA_USAGE = YES_ERROR;
				CLANG_WARN_DOCUMENTATION_COMMENTS = YES;
				CLANG_WARN_EMPTY_BODY = YES;
				CLANG_WARN_ENUM_CONVERSION = YES;
				CLANG_WARN_INFINITE_RECURSION = YES;
				CLANG_WARN_INT_CONVERSION = YES;
				CLANG_WARN_NON_LITERAL_NULL_CONVERSION = YES;
				CLANG_WARN_OBJC_IMPLICIT_RETAIN_SELF = YES;
				CLANG_WARN_OBJC_LITERAL_CONVERSION = YES;
				CLANG_WARN_OBJC_ROOT_CLASS = YES_ERROR;
				CLANG_WARN_QUOTED_INCLUDE_IN_FRAMEWORK_HEADER = YES;
				CLANG_WARN_RANGE_LOOP_ANALYSIS = YES;
				CLANG_WARN_STRICT_PROTOTYPES = YES;
				CLANG_WARN_SUSPICIOUS_MOVE = YES;
				CLANG_WARN_UNGUARDED_AVAILABILITY = YES_AGGRESSIVE;
				CLANG_WARN_UNREACHABLE_CODE = YES;
				CLANG_WARN__DUPLICATE_METHOD_MATCH = YES;
				COPY_PHASE_STRIP = NO;
				DEBUG_INFORMATION_FORMAT = dwarf;
				ENABLE_STRICT_OBJC_MSGSEND = YES;
				ENABLE_TESTABILITY = YES;
				GCC_C_LANGUAGE_STANDARD = gnu11;
				GCC_DYNAMIC_NO_PIC = NO;
				GCC_NO_COMMON_BLOCKS = YES;
				GCC_OPTIMIZATION_LEVEL = 0;
				GCC_PREPROCESSOR_DEFINITIONS = (
					"DEBUG=1",
					"$(inherited)",
				);
				GCC_WARN_64_TO_32_BIT_CONVERSION = YES;
				GCC_WARN_ABOUT_RETURN_TYPE = YES_ERROR;
				GCC_WARN_UNDECLARED_SELECTOR = YES;
				GCC_WARN_UNINITIALIZED_AUTOS = YES_AGGRESSIVE;
				GCC_WARN_UNUSED_FUNCTION = YES;
				GCC_WARN_UNUSED_VARIABLE = YES;
				IPHONEOS_DEPLOYMENT_TARGET = 15.0;
				MTL_ENABLE_DEBUG_INFO = INCLUDE_SOURCE;
				MTL_FAST_MATH = YES;
				ONLY_ACTIVE_ARCH = YES;
				SDKROOT = iphoneos;
				SWIFT_ACTIVE_COMPILATION_CONDITIONS = DEBUG;
				SWIFT_OPTIMIZATION_LEVEL = "-Onone";
			};
			name = Debug;
		};
		02D37F3E26E5D6E3006E6468 /* Release */ = {
			isa = XCBuildConfiguration;
			buildSettings = {
				ALWAYS_SEARCH_USER_PATHS = NO;
				CLANG_ANALYZER_NONNULL = YES;
				CLANG_ANALYZER_NUMBER_OBJECT_CONVERSION = YES_AGGRESSIVE;
				CLANG_CXX_LANGUAGE_STANDARD = "gnu++14";
				CLANG_CXX_LIBRARY = "libc++";
				CLANG_ENABLE_MODULES = YES;
				CLANG_ENABLE_OBJC_ARC = YES;
				CLANG_ENABLE_OBJC_WEAK = YES;
				CLANG_WARN_BLOCK_CAPTURE_AUTORELEASING = YES;
				CLANG_WARN_BOOL_CONVERSION = YES;
				CLANG_WARN_COMMA = YES;
				CLANG_WARN_CONSTANT_CONVERSION = YES;
				CLANG_WARN_DEPRECATED_OBJC_IMPLEMENTATIONS = YES;
				CLANG_WARN_DIRECT_OBJC_ISA_USAGE = YES_ERROR;
				CLANG_WARN_DOCUMENTATION_COMMENTS = YES;
				CLANG_WARN_EMPTY_BODY = YES;
				CLANG_WARN_ENUM_CONVERSION = YES;
				CLANG_WARN_INFINITE_RECURSION = YES;
				CLANG_WARN_INT_CONVERSION = YES;
				CLANG_WARN_NON_LITERAL_NULL_CONVERSION = YES;
				CLANG_WARN_OBJC_IMPLICIT_RETAIN_SELF = YES;
				CLANG_WARN_OBJC_LITERAL_CONVERSION = YES;
				CLANG_WARN_OBJC_ROOT_CLASS = YES_ERROR;
				CLANG_WARN_QUOTED_INCLUDE_IN_FRAMEWORK_HEADER = YES;
				CLANG_WARN_RANGE_LOOP_ANALYSIS = YES;
				CLANG_WARN_STRICT_PROTOTYPES = YES;
				CLANG_WARN_SUSPICIOUS_MOVE = YES;
				CLANG_WARN_UNGUARDED_AVAILABILITY = YES_AGGRESSIVE;
				CLANG_WARN_UNREACHABLE_CODE = YES;
				CLANG_WARN__DUPLICATE_METHOD_MATCH = YES;
				COPY_PHASE_STRIP = NO;
				DEBUG_INFORMATION_FORMAT = "dwarf-with-dsym";
				ENABLE_NS_ASSERTIONS = NO;
				ENABLE_STRICT_OBJC_MSGSEND = YES;
				GCC_C_LANGUAGE_STANDARD = gnu11;
				GCC_NO_COMMON_BLOCKS = YES;
				GCC_WARN_64_TO_32_BIT_CONVERSION = YES;
				GCC_WARN_ABOUT_RETURN_TYPE = YES_ERROR;
				GCC_WARN_UNDECLARED_SELECTOR = YES;
				GCC_WARN_UNINITIALIZED_AUTOS = YES_AGGRESSIVE;
				GCC_WARN_UNUSED_FUNCTION = YES;
				GCC_WARN_UNUSED_VARIABLE = YES;
				IPHONEOS_DEPLOYMENT_TARGET = 15.0;
				MTL_ENABLE_DEBUG_INFO = NO;
				MTL_FAST_MATH = YES;
				SDKROOT = iphoneos;
				SWIFT_COMPILATION_MODE = wholemodule;
				SWIFT_OPTIMIZATION_LEVEL = "-O";
				VALIDATE_PRODUCT = YES;
			};
			name = Release;
		};
		02D37F4026E5D6E3006E6468 /* Debug */ = {
			isa = XCBuildConfiguration;
			buildSettings = {
				ASSETCATALOG_COMPILER_APPICON_NAME = AppIcon;
				ASSETCATALOG_COMPILER_GLOBAL_ACCENT_COLOR_NAME = AccentColor;
				CODE_SIGN_STYLE = Automatic;
				CURRENT_PROJECT_VERSION = 1;
				DEVELOPMENT_ASSET_PATHS = "\"LikedAnimation0906/Preview Content\"";
				DEVELOPMENT_TEAM = Z24MR455SQ;
				ENABLE_PREVIEWS = YES;
				GENERATE_INFOPLIST_FILE = YES;
				INFOPLIST_KEY_UIApplicationSceneManifest_Generation = YES;
				INFOPLIST_KEY_UIApplicationSupportsIndirectInputEvents = YES;
				INFOPLIST_KEY_UILaunchScreen_Generation = YES;
				INFOPLIST_KEY_UISupportedInterfaceOrientations_iPad = "UIInterfaceOrientationPortrait UIInterfaceOrientationPortraitUpsideDown UIInterfaceOrientationLandscapeLeft UIInterfaceOrientationLandscapeRight";
				INFOPLIST_KEY_UISupportedInterfaceOrientations_iPhone = "UIInterfaceOrientationPortrait UIInterfaceOrientationLandscapeLeft UIInterfaceOrientationLandscapeRight";
				IPHONEOS_DEPLOYMENT_TARGET = 15.0;
				LD_RUNPATH_SEARCH_PATHS = (
					"$(inherited)",
					"@executable_path/Frameworks",
				);
				MARKETING_VERSION = 1.0;
				PRODUCT_BUNDLE_IDENTIFIER = zyf.LikedAnimation0906;
				PRODUCT_NAME = "$(TARGET_NAME)";
				SWIFT_EMIT_LOC_STRINGS = YES;
				SWIFT_VERSION = 5.0;
				TARGETED_DEVICE_FAMILY = "1,2";
			};
			name = Debug;
		};
		02D37F4126E5D6E3006E6468 /* Release */ = {
			isa = XCBuildConfiguration;
			buildSettings = {
				ASSETCATALOG_COMPILER_APPICON_NAME = AppIcon;
				ASSETCATALOG_COMPILER_GLOBAL_ACCENT_COLOR_NAME = AccentColor;
				CODE_SIGN_STYLE = Automatic;
				CURRENT_PROJECT_VERSION = 1;
				DEVELOPMENT_ASSET_PATHS = "\"LikedAnimation0906/Preview Content\"";
				DEVELOPMENT_TEAM = Z24MR455SQ;
				ENABLE_PREVIEWS = YES;
				GENERATE_INFOPLIST_FILE = YES;
				INFOPLIST_KEY_UIApplicationSceneManifest_Generation = YES;
				INFOPLIST_KEY_UIApplicationSupportsIndirectInputEvents = YES;
				INFOPLIST_KEY_UILaunchScreen_Generation = YES;
				INFOPLIST_KEY_UISupportedInterfaceOrientations_iPad = "UIInterfaceOrientationPortrait UIInterfaceOrientationPortraitUpsideDown UIInterfaceOrientationLandscapeLeft UIInterfaceOrientationLandscapeRight";
				INFOPLIST_KEY_UISupportedInterfaceOrientations_iPhone = "UIInterfaceOrientationPortrait UIInterfaceOrientationLandscapeLeft UIInterfaceOrientationLandscapeRight";
				IPHONEOS_DEPLOYMENT_TARGET = 15.0;
				LD_RUNPATH_SEARCH_PATHS = (
					"$(inherited)",
					"@executable_path/Frameworks",
				);
				MARKETING_VERSION = 1.0;
				PRODUCT_BUNDLE_IDENTIFIER = zyf.LikedAnimation0906;
				PRODUCT_NAME = "$(TARGET_NAME)";
				SWIFT_EMIT_LOC_STRINGS = YES;
				SWIFT_VERSION = 5.0;
				TARGETED_DEVICE_FAMILY = "1,2";
			};
			name = Release;
		};
/* End XCBuildConfiguration section */

/* Begin XCConfigurationList section */
		02D37F2C26E5D6E2006E6468 /* Build configuration list for PBXProject "LikedAnimation0906" */ = {
			isa = XCConfigurationList;
			buildConfigurations = (
				02D37F3D26E5D6E3006E6468 /* Debug */,
				02D37F3E26E5D6E3006E6468 /* Release */,
			);
			defaultConfigurationIsVisible = 0;
			defaultConfigurationName = Release;
		};
		02D37F3F26E5D6E3006E6468 /* Build configuration list for PBXNativeTarget "LikedAnimation0906" */ = {
			isa = XCConfigurationList;
			buildConfigurations = (
				02D37F4026E5D6E3006E6468 /* Debug */,
				02D37F4126E5D6E3006E6468 /* Release */,
			);
			defaultConfigurationIsVisible = 0;
			defaultConfigurationName = Release;
		};
/* End XCConfigurationList section */
	};
	rootObject = 02D37F2926E5D6E2006E6468 /* Project object */;
}
